
Microsoft Visual Studio Solution File, Format Version 12.00
# Visual Studio 15
VisualStudioVersion = 15.0.28307.1082
MinimumVisualStudioVersion = 10.0.40219.1
Project("{FAE04EC0-301F-11D3-BF4B-00C04F79EFBC}") = "StatBlockBuilder", "StatBlockBuilder\StatBlockBuilder.csproj", "{A08C6F52-A033-4545-B1A9-33AEC40A51C9}"
EndProject
Global
	GlobalSection(SolutionConfigurationPlatforms) = preSolution
		Debug|Any CPU = Debug|Any CPU
		Release|Any CPU = Release|Any CPU
	EndGlobalSection
	GlobalSection(ProjectConfigurationPlatforms) = postSolution
		{A08C6F52-A033-4545-B1A9-33AEC40A51C9}.Debug|Any CPU.ActiveCfg = Debug|Any CPU
		{A08C6F52-A033-4545-B1A9-33AEC40A51C9}.Debug|Any CPU.Build.0 = Debug|Any CPU
		{A08C6F52-A033-4545-B1A9-33AEC40A51C9}.Release|Any CPU.ActiveCfg = Release|Any CPU
		{A08C6F52-A033-4545-B1A9-33AEC40A51C9}.Release|Any CPU.Build.0 = Release|Any CPU
	EndGlobalSection
	GlobalSection(SolutionProperties) = preSolution
		HideSolutionNode = FALSE
	EndGlobalSection
	GlobalSection(ExtensibilityGlobals) = postSolution
		SolutionGuid = {B62F8B96-00A3-4CA3-AF05-7DB8A6087D4B}
	EndGlobalSection
EndGlobal
